github.com/aws/aws-sdk-go-v2 v1.36.1 h1:iTDl5U6oAhkNPba0e1t1hrwAo02ZMqbrGq4k5JBWM5E=
github.com/aws/aws-sdk-go-v2 v1.36.1/go.mod h1:5PMILGVKiW32oDzjj6RU52yrNrDPUHcbZQYr1sM7qmM=
github.com/aws/aws-sdk-go-v2/feature/dynamodb/attributevalue v1.15.15 h1:2HXPu4MCUKVA/hU0g2DWtYgXjVPsj7Ujd+xif/Yl2fc=
github.com/aws/aws-sdk-go-v2/feature/dynamodb/attributevalue v1.15.15/go.mod h1:fqQI+CG2FX4yVDJORf6QAKLRw16yO+JcB6io1iubcm0=
github.com/aws/aws-sdk-go-v2/service/dynamodb v1.40.0 h1:OoQO3OUzwhNGNyTLsNe0Scre8QxHtZZn/7yY96K/PNI=
github.com/aws/aws-sdk-go-v2/service/dynamodb v1.40.0/go.mod h1:FcMiR2AALpkrpik6JzbYu+iEfktzrs3XOq5Shk9nvik=
github.com/aws/aws-sdk-go-v2/service/dynamodbstreams v1.24.5 h1:pc8+YeYe6bBe8D3QeBz9/S5kUZ9k9yoBMbljGIBMNK4=
github.com/aws/aws-sdk-go-v2/service/dynamodbstreams v1.24.5/go.mod h1:R09/8/9eLYHJ50PQ8FlIGjZb3XA2t2XhcI5E5332eCI=
github.com/aws/smithy-go v1.22.2 h1:6D9hW43xKFrRx/tXXfAlIZc4JI+yQe6snnWcQyxSyLQ=
github.com/aws/smithy-go v1.22.2/go.mod h1:irrKGvNn1InZwb2d7fkIRNucdfwR8R+Ts3wxYa/cJHg=
github.com/google/go-cmp v0.6.0 h1:ofyhxvXcZhMsU5ulbFiLKl/XBFqE1GSq7atu8tAmTRI=
github.com/google/go-cmp v0.6.0/go.mod h1:17dUlkBOakJ0+DkrSSNjCkIjxS6bF9zb3elmeNGIjoY=
github.com/iancoleman/strcase v0.3.0 h1:nTXanmYxhfFAMjZL34Ov6gkzEsSJZ5DbhxWjvSASxEI=
github.com/iancoleman/strcase v0.3.0/go.mod h1:iwCmte+B7n89clKwxIoIXy/HfoL7AsD47ZCWhYzw7ho=
