github.com/aws/aws-sdk-go-v2 v1.30.3 h1:jUeBtG0Ih+ZIFH0F4UkmL9w3cSpaMv9tYYDbzILP8dY=
github.com/aws/aws-sdk-go-v2 v1.30.3/go.mod h1:nIQjQVp5sfpQcTc9mPSr1B0PaWK5ByX9MOoDadSN4lc=
github.com/aws/aws-sdk-go-v2/feature/dynamodb/attributevalue v1.14.10 h1:orAIBscNu5aIjDOnKIrjO+IUFPMLKj3Lp0bPf4chiPc=
github.com/aws/aws-sdk-go-v2/feature/dynamodb/attributevalue v1.14.10/go.mod h1:GNjJ8daGhv10hmQYCnmkV8HuY6xXOXV4vzBssSjEIlU=
github.com/aws/aws-sdk-go-v2/service/dynamodb v1.34.4 h1:utG3S4T+X7nONPIpRoi1tVcQdAdJxntiVS2yolPJyXc=
github.com/aws/aws-sdk-go-v2/service/dynamodb v1.34.4/go.mod h1:q9vzW3Xr1KEXa8n4waHiFt1PrppNDlMymlYP+xpsFbY=
github.com/aws/aws-sdk-go-v2/service/dynamodbstreams v1.22.3 h1:r27/FnxLPixKBRIlslsvhqscBuMK8uysCYG9Kfgm098=
github.com/aws/aws-sdk-go-v2/service/dynamodbstreams v1.22.3/go.mod h1:jqOFyN+QSWSoQC+ppyc4weiO8iNQXbzRbxDjQ1ayYd4=
github.com/aws/smithy-go v1.20.3 h1:ryHwveWzPV5BIof6fyDvor6V3iUL7nTfiTKXHiW05nE=
github.com/aws/smithy-go v1.20.3/go.mod h1:krry+ya/rV9RDcV/Q16kpu6ypI4K2czasz0NC3qS14E=
github.com/google/go-cmp v0.6.0 h1:ofyhxvXcZhMsU5ulbFiLKl/XBFqE1GSq7atu8tAmTRI=
github.com/google/go-cmp v0.6.0/go.mod h1:17dUlkBOakJ0+DkrSSNjCkIjxS6bF9zb3elmeNGIjoY=
github.com/iancoleman/strcase v0.3.0 h1:nTXanmYxhfFAMjZL34Ov6gkzEsSJZ5DbhxWjvSASxEI=
github.com/iancoleman/strcase v0.3.0/go.mod h1:iwCmte+B7n89clKwxIoIXy/HfoL7AsD47ZCWhYzw7ho=
