github.com/aws/aws-sdk-go-v2 v1.32.8 h1:cZV+NUS/eGxKXMtmyhtYPJ7Z4YLoI/V8bkTdRZfYhGo=
github.com/aws/aws-sdk-go-v2 v1.32.8/go.mod h1:P5WJBrYqqbWVaOxgH0X/FYYD47/nooaPOZPlQdmiN2U=
github.com/aws/aws-sdk-go-v2/feature/dynamodb/attributevalue v1.15.25 h1:4Yx5ihTBaXnqNQoJNQuemBj1ZJLIM++0aihShVu1UEQ=
github.com/aws/aws-sdk-go-v2/feature/dynamodb/attributevalue v1.15.25/go.mod h1:nYrIjrbGXhnkTKZbMjSeqIUsSM18cT95/7n3RRVYBq8=
github.com/aws/aws-sdk-go-v2/service/dynamodb v1.39.2 h1:XcdIh35yg1J8bAiUOLtL/PoPMSGsD72Zanwmim8jEXc=
github.com/aws/aws-sdk-go-v2/service/dynamodb v1.39.2/go.mod h1:516U/KQM3zdcahNBjHUZKGWNfNnIYyt7sxLeqOx78b0=
github.com/aws/aws-sdk-go-v2/service/dynamodbstreams v1.24.12 h1:/EeYqntHifxLw+uNaUTH/D099gCuy/TDDgLT3vNTLcM=
github.com/aws/aws-sdk-go-v2/service/dynamodbstreams v1.24.12/go.mod h1:OcxFxP9wI2ye9HwlxawIcZ3DX0bHM196fjH3HNsoF5s=
github.com/aws/smithy-go v1.22.1 h1:/HPHZQ0g7f4eUeK6HKglFz8uwVfZKgoI25rb/J+dnro=
github.com/aws/smithy-go v1.22.1/go.mod h1:irrKGvNn1InZwb2d7fkIRNucdfwR8R+Ts3wxYa/cJHg=
github.com/google/go-cmp v0.6.0 h1:ofyhxvXcZhMsU5ulbFiLKl/XBFqE1GSq7atu8tAmTRI=
github.com/google/go-cmp v0.6.0/go.mod h1:17dUlkBOakJ0+DkrSSNjCkIjxS6bF9zb3elmeNGIjoY=
github.com/iancoleman/strcase v0.3.0 h1:nTXanmYxhfFAMjZL34Ov6gkzEsSJZ5DbhxWjvSASxEI=
github.com/iancoleman/strcase v0.3.0/go.mod h1:iwCmte+B7n89clKwxIoIXy/HfoL7AsD47ZCWhYzw7ho=
